// !$*UTF8*$!
{
	archiveVersion = 1;
	classes = {
	};
	objectVersion = 55;
	objects = {

/* Begin PBXBuildFile section */
		9B9724DBB9FACBCAE18695CF /* libPods-Example.a in Frameworks */ = {isa = PBXBuildFile; fileRef = 0C5B1008607D7F0CEDB101FC /* libPods-Example.a */; };
		B466917429D27C1C000FCD01 /* claspects.schema in Resources */ = {isa = PBXBuildFile; fileRef = B466917329D27C1C000FCD01 /* claspects.schema */; };
		B4EFD88B29A4BE0500464FE9 /* md.json in Resources */ = {isa = PBXBuildFile; fileRef = B4EFD88A29A4BE0500464FE9 /* md.json */; };
		B4F97F04299F60110047C02E /* AppDelegate.m in Sources */ = {isa = PBXBuildFile; fileRef = B4F97F03299F60110047C02E /* AppDelegate.m */; };
		B4F97F0A299F60110047C02E /* ViewController.m in Sources */ = {isa = PBXBuildFile; fileRef = B4F97F09299F60110047C02E /* ViewController.m */; };
		B4F97F0D299F60110047C02E /* Main.storyboard in Resources */ = {isa = PBXBuildFile; fileRef = B4F97F0B299F60110047C02E /* Main.storyboard */; };
		B4F97F0F299F60130047C02E /* Assets.xcassets in Resources */ = {isa = PBXBuildFile; fileRef = B4F97F0E299F60130047C02E /* Assets.xcassets */; };
		B4F97F12299F60130047C02E /* LaunchScreen.storyboard in Resources */ = {isa = PBXBuildFile; fileRef = B4F97F10299F60130047C02E /* LaunchScreen.storyboard */; };
		B4F97F15299F60130047C02E /* main.m in Sources */ = {isa = PBXBuildFile; fileRef = B4F97F14299F60130047C02E /* main.m */; };
		B4F97F22299F62210047C02E /* LogTest.m in Sources */ = {isa = PBXBuildFile; fileRef = B4F97F1C299F621D0047C02E /* LogTest.m */; };
		B4F97F23299F62210047C02E /* TestViewController.m in Sources */ = {isa = PBXBuildFile; fileRef = B4F97F1E299F621E0047C02E /* TestViewController.m */; };
		B4F97F24299F62210047C02E /* CLFormatJson.m in Sources */ = {isa = PBXBuildFile; fileRef = B4F97F21299F621E0047C02E /* CLFormatJson.m */; };
/* End PBXBuildFile section */

/* Begin PBXFileReference section */
		0C5B1008607D7F0CEDB101FC /* libPods-Example.a */ = {isa = PBXFileReference; explicitFileType = archive.ar; includeInIndex = 0; path = "libPods-Example.a"; sourceTree = BUILT_PRODUCTS_DIR; };
		31F7D6C186B37FD7486F4743 /* Pods-Example.debug.xcconfig */ = {isa = PBXFileReference; includeInIndex = 1; lastKnownFileType = text.xcconfig; name = "Pods-Example.debug.xcconfig"; path = "Target Support Files/Pods-Example/Pods-Example.debug.xcconfig"; sourceTree = "<group>"; };
		8524A27401B961B29B83B4D7 /* Pods-Example.release.xcconfig */ = {isa = PBXFileReference; includeInIndex = 1; lastKnownFileType = text.xcconfig; name = "Pods-Example.release.xcconfig"; path = "Target Support Files/Pods-Example/Pods-Example.release.xcconfig"; sourceTree = "<group>"; };
		B466917329D27C1C000FCD01 /* claspects.schema */ = {isa = PBXFileReference; fileEncoding = 4; lastKnownFileType = text; path = claspects.schema; sourceTree = "<group>"; };
		B4EFD88A29A4BE0500464FE9 /* md.json */ = {isa = PBXFileReference; lastKnownFileType = text.json; path = md.json; sourceTree = "<group>"; };
		B4F97EFF299F60110047C02E /* Example.app */ = {isa = PBXFileReference; explicitFileType = wrapper.application; includeInIndex = 0; path = Example.app; sourceTree = BUILT_PRODUCTS_DIR; };
		B4F97F02299F60110047C02E /* AppDelegate.h */ = {isa = PBXFileReference; lastKnownFileType = sourcecode.c.h; path = AppDelegate.h; sourceTree = "<group>"; };
		B4F97F03299F60110047C02E /* AppDelegate.m */ = {isa = PBXFileReference; lastKnownFileType = sourcecode.c.objc; path = AppDelegate.m; sourceTree = "<group>"; };
		B4F97F08299F60110047C02E /* ViewController.h */ = {isa = PBXFileReference; lastKnownFileType = sourcecode.c.h; path = ViewController.h; sourceTree = "<group>"; };
		B4F97F09299F60110047C02E /* ViewController.m */ = {isa = PBXFileReference; lastKnownFileType = sourcecode.c.objc; path = ViewController.m; sourceTree = "<group>"; };
		B4F97F0C299F60110047C02E /* Base */ = {isa = PBXFileReference; lastKnownFileType = file.storyboard; name = Base; path = Base.lproj/Main.storyboard; sourceTree = "<group>"; };
		B4F97F0E299F60130047C02E /* Assets.xcassets */ = {isa = PBXFileReference; lastKnownFileType = folder.assetcatalog; path = Assets.xcassets; sourceTree = "<group>"; };
		B4F97F11299F60130047C02E /* Base */ = {isa = PBXFileReference; lastKnownFileType = file.storyboard; name = Base; path = Base.lproj/LaunchScreen.storyboard; sourceTree = "<group>"; };
		B4F97F13299F60130047C02E /* Info.plist */ = {isa = PBXFileReference; lastKnownFileType = text.plist.xml; path = Info.plist; sourceTree = "<group>"; };
		B4F97F14299F60130047C02E /* main.m */ = {isa = PBXFileReference; lastKnownFileType = sourcecode.c.objc; path = main.m; sourceTree = "<group>"; };
		B4F97F1C299F621D0047C02E /* LogTest.m */ = {isa = PBXFileReference; fileEncoding = 4; lastKnownFileType = sourcecode.c.objc; path = LogTest.m; sourceTree = "<group>"; };
		B4F97F1D299F621D0047C02E /* TestViewController.h */ = {isa = PBXFileReference; fileEncoding = 4; lastKnownFileType = sourcecode.c.h; path = TestViewController.h; sourceTree = "<group>"; };
		B4F97F1E299F621E0047C02E /* TestViewController.m */ = {isa = PBXFileReference; fileEncoding = 4; lastKnownFileType = sourcecode.c.objc; path = TestViewController.m; sourceTree = "<group>"; };
		B4F97F1F299F621E0047C02E /* CLFormatJson.h */ = {isa = PBXFileReference; fileEncoding = 4; lastKnownFileType = sourcecode.c.h; path = CLFormatJson.h; sourceTree = "<group>"; };
		B4F97F20299F621E0047C02E /* LogTest.h */ = {isa = PBXFileReference; fileEncoding = 4; lastKnownFileType = sourcecode.c.h; path = LogTest.h; sourceTree = "<group>"; };
		B4F97F21299F621E0047C02E /* CLFormatJson.m */ = {isa = PBXFileReference; fileEncoding = 4; lastKnownFileType = sourcecode.c.objc; path = CLFormatJson.m; sourceTree = "<group>"; };
/* End PBXFileReference section */

/* Begin PBXFrameworksBuildPhase section */
		B4F97EFC299F60110047C02E /* Frameworks */ = {
			isa = PBXFrameworksBuildPhase;
			buildActionMask = 2147483647;
			files = (
				9B9724DBB9FACBCAE18695CF /* libPods-Example.a in Frameworks */,
			);
			runOnlyForDeploymentPostprocessing = 0;
		};
/* End PBXFrameworksBuildPhase section */

/* Begin PBXGroup section */
		67820985C15BB0B1B590A6BD /* Pods */ = {
			isa = PBXGroup;
			children = (
				31F7D6C186B37FD7486F4743 /* Pods-Example.debug.xcconfig */,
				8524A27401B961B29B83B4D7 /* Pods-Example.release.xcconfig */,
			);
			path = Pods;
			sourceTree = "<group>";
		};
		B4F97EF6299F60110047C02E = {
			isa = PBXGroup;
			children = (
				B4F97F01299F60110047C02E /* Example */,
				B4F97F00299F60110047C02E /* Products */,
				67820985C15BB0B1B590A6BD /* Pods */,
				E0FF5BF2535627ACBCB96CC1 /* Frameworks */,
			);
			sourceTree = "<group>";
		};
		B4F97F00299F60110047C02E /* Products */ = {
			isa = PBXGroup;
			children = (
				B4F97EFF299F60110047C02E /* Example.app */,
			);
			name = Products;
			sourceTree = "<group>";
		};
		B4F97F01299F60110047C02E /* Example */ = {
			isa = PBXGroup;
			children = (
				B4F97F1B299F62070047C02E /* test */,
				B4F97F02299F60110047C02E /* AppDelegate.h */,
				B4F97F03299F60110047C02E /* AppDelegate.m */,
				B4F97F08299F60110047C02E /* ViewController.h */,
				B4F97F09299F60110047C02E /* ViewController.m */,
				B4F97F0B299F60110047C02E /* Main.storyboard */,
				B4F97F0E299F60130047C02E /* Assets.xcassets */,
				B4F97F10299F60130047C02E /* LaunchScreen.storyboard */,
				B4F97F13299F60130047C02E /* Info.plist */,
				B4F97F14299F60130047C02E /* main.m */,
			);
			path = Example;
			sourceTree = "<group>";
		};
		B4F97F1B299F62070047C02E /* test */ = {
			isa = PBXGroup;
			children = (
				B4F97F1F299F621E0047C02E /* CLFormatJson.h */,
				B4F97F21299F621E0047C02E /* CLFormatJson.m */,
				B4F97F20299F621E0047C02E /* LogTest.h */,
				B4F97F1C299F621D0047C02E /* LogTest.m */,
				B4F97F1D299F621D0047C02E /* TestViewController.h */,
				B4F97F1E299F621E0047C02E /* TestViewController.m */,
				B4EFD88A29A4BE0500464FE9 /* md.json */,
				B466917329D27C1C000FCD01 /* claspects.schema */,
			);
			path = test;
			sourceTree = "<group>";
		};
		E0FF5BF2535627ACBCB96CC1 /* Frameworks */ = {
			isa = PBXGroup;
			children = (
				0C5B1008607D7F0CEDB101FC /* libPods-Example.a */,
			);
			name = Frameworks;
			sourceTree = "<group>";
		};
/* End PBXGroup section */

/* Begin PBXNativeTarget section */
		B4F97EFE299F60110047C02E /* Example */ = {
			isa = PBXNativeTarget;
			buildConfigurationList = B4F97F18299F60130047C02E /* Build configuration list for PBXNativeTarget "Example" */;
			buildPhases = (
				42A48E20E341296F672FA52E /* [CP] Check Pods Manifest.lock */,
				B4F97EFB299F60110047C02E /* Sources */,
				B4F97EFC299F60110047C02E /* Frameworks */,
				B4F97EFD299F60110047C02E /* Resources */,
			);
			buildRules = (
			);
			dependencies = (
			);
			name = Example;
			productName = Example;
			productReference = B4F97EFF299F60110047C02E /* Example.app */;
			productType = "com.apple.product-type.application";
		};
/* End PBXNativeTarget section */

/* Begin PBXProject section */
		B4F97EF7299F60110047C02E /* Project object */ = {
			isa = PBXProject;
			attributes = {
				BuildIndependentTargetsInParallel = 1;
				LastUpgradeCheck = 1420;
				TargetAttributes = {
					B4F97EFE299F60110047C02E = {
						CreatedOnToolsVersion = 14.2;
					};
				};
			};
			buildConfigurationList = B4F97EFA299F60110047C02E /* Build configuration list for PBXProject "Example" */;
			compatibilityVersion = "Xcode 13.0";
			developmentRegion = en;
			hasScannedForEncodings = 0;
			knownRegions = (
				en,
				Base,
			);
			mainGroup = B4F97EF6299F60110047C02E;
			productRefGroup = B4F97F00299F60110047C02E /* Products */;
			projectDirPath = "";
			projectRoot = "";
			targets = (
				B4F97EFE299F60110047C02E /* Example */,
			);
		};
/* End PBXProject section */

/* Begin PBXResourcesBuildPhase section */
		B4F97EFD299F60110047C02E /* Resources */ = {
			isa = PBXResourcesBuildPhase;
			buildActionMask = 2147483647;
			files = (
				B466917429D27C1C000FCD01 /* claspects.schema in Resources */,
				B4EFD88B29A4BE0500464FE9 /* md.json in Resources */,
				B4F97F12299F60130047C02E /* LaunchScreen.storyboard in Resources */,
				B4F97F0F299F60130047C02E /* Assets.xcassets in Resources */,
				B4F97F0D299F60110047C02E /* Main.storyboard in Resources */,
			);
			runOnlyForDeploymentPostprocessing = 0;
		};
/* End PBXResourcesBuildPhase section */

/* Begin PBXShellScriptBuildPhase section */
		42A48E20E341296F672FA52E /* [CP] Check Pods Manifest.lock */ = {
			isa = PBXShellScriptBuildPhase;
			buildActionMask = 2147483647;
			files = (
			);
			inputFileListPaths = (
			);
			inputPaths = (
				"${PODS_PODFILE_DIR_PATH}/Podfile.lock",
				"${PODS_ROOT}/Manifest.lock",
			);
			name = "[CP] Check Pods Manifest.lock";
			outputFileListPaths = (
			);
			outputPaths = (
				"$(DERIVED_FILE_DIR)/Pods-Example-checkManifestLockResult.txt",
			);
			runOnlyForDeploymentPostprocessing = 0;
			shellPath = /bin/sh;
			shellScript = "diff \"${PODS_PODFILE_DIR_PATH}/Podfile.lock\" \"${PODS_ROOT}/Manifest.lock\" > /dev/null\nif [ $? != 0 ] ; then\n    # print error to STDERR\n    echo \"error: The sandbox is not in sync with the Podfile.lock. Run 'pod install' or update your CocoaPods installation.\" >&2\n    exit 1\nfi\n# This output is used by Xcode 'outputs' to avoid re-running this script phase.\necho \"SUCCESS\" > \"${SCRIPT_OUTPUT_FILE_0}\"\n";
			showEnvVarsInLog = 0;
		};
/* End PBXShellScriptBuildPhase section */

/* Begin PBXSourcesBuildPhase section */
		B4F97EFB299F60110047C02E /* Sources */ = {
			isa = PBXSourcesBuildPhase;
			buildActionMask = 2147483647;
			files = (
				B4F97F23299F62210047C02E /* TestViewController.m in Sources */,
				B4F97F0A299F60110047C02E /* ViewController.m in Sources */,
				B4F97F04299F60110047C02E /* AppDelegate.m in Sources */,
				B4F97F15299F60130047C02E /* main.m in Sources */,
				B4F97F24299F62210047C02E /* CLFormatJson.m in Sources */,
				B4F97F22299F62210047C02E /* LogTest.m in Sources */,
			);
			runOnlyForDeploymentPostprocessing = 0;
		};
/* End PBXSourcesBuildPhase section */

/* Begin PBXVariantGroup section */
		B4F97F0B299F60110047C02E /* Main.storyboard */ = {
			isa = PBXVariantGroup;
			children = (
				B4F97F0C299F60110047C02E /* Base */,
			);
			name = Main.storyboard;
			sourceTree = "<group>";
		};
		B4F97F10299F60130047C02E /* LaunchScreen.storyboard */ = {
			isa = PBXVariantGroup;
			children = (
				B4F97F11299F60130047C02E /* Base */,
			);
			name = LaunchScreen.storyboard;
			sourceTree = "<group>";
		};
/* End PBXVariantGroup section */

/* Begin XCBuildConfiguration section */
		B4F97F16299F60130047C02E /* Debug */ = {
			isa = XCBuildConfiguration;
			buildSettings = {
				ALWAYS_SEARCH_USER_PATHS = NO;
				CLANG_ANALYZER_NONNULL = YES;
				CLANG_ANALYZER_NUMBER_OBJECT_CONVERSION = YES_AGGRESSIVE;
				CLANG_CXX_LANGUAGE_STANDARD = "gnu++20";
				CLANG_ENABLE_MODULES = YES;
				CLANG_ENABLE_OBJC_ARC = YES;
				CLANG_ENABLE_OBJC_WEAK = YES;
				CLANG_WARN_BLOCK_CAPTURE_AUTORELEASING = YES;
				CLANG_WARN_BOOL_CONVERSION = YES;
				CLANG_WARN_COMMA = YES;
				CLANG_WARN_CONSTANT_CONVERSION = YES;
				CLANG_WARN_DEPRECATED_OBJC_IMPLEMENTATIONS = YES;
				CLANG_WARN_DIRECT_OBJC_ISA_USAGE = YES_ERROR;
				CLANG_WARN_DOCUMENTATION_COMMENTS = YES;
				CLANG_WARN_EMPTY_BODY = YES;
				CLANG_WARN_ENUM_CONVERSION = YES;
				CLANG_WARN_INFINITE_RECURSION = YES;
				CLANG_WARN_INT_CONVERSION = YES;
				CLANG_WARN_NON_LITERAL_NULL_CONVERSION = YES;
				CLANG_WARN_OBJC_IMPLICIT_RETAIN_SELF = YES;
				CLANG_WARN_OBJC_LITERAL_CONVERSION = YES;
				CLANG_WARN_OBJC_ROOT_CLASS = YES_ERROR;
				CLANG_WARN_QUOTED_INCLUDE_IN_FRAMEWORK_HEADER = YES;
				CLANG_WARN_RANGE_LOOP_ANALYSIS = YES;
				CLANG_WARN_STRICT_PROTOTYPES = YES;
				CLANG_WARN_SUSPICIOUS_MOVE = YES;
				CLANG_WARN_UNGUARDED_AVAILABILITY = YES_AGGRESSIVE;
				CLANG_WARN_UNREACHABLE_CODE = YES;
				CLANG_WARN__DUPLICATE_METHOD_MATCH = YES;
				COPY_PHASE_STRIP = NO;
				DEBUG_INFORMATION_FORMAT = dwarf;
				ENABLE_STRICT_OBJC_MSGSEND = YES;
				ENABLE_TESTABILITY = YES;
				GCC_C_LANGUAGE_STANDARD = gnu11;
				GCC_DYNAMIC_NO_PIC = NO;
				GCC_NO_COMMON_BLOCKS = YES;
				GCC_OPTIMIZATION_LEVEL = 0;
				GCC_PREPROCESSOR_DEFINITIONS = (
					"DEBUG=1",
					"$(inherited)",
				);
				GCC_WARN_64_TO_32_BIT_CONVERSION = YES;
				GCC_WARN_ABOUT_RETURN_TYPE = YES_ERROR;
				GCC_WARN_UNDECLARED_SELECTOR = YES;
				GCC_WARN_UNINITIALIZED_AUTOS = YES_AGGRESSIVE;
				GCC_WARN_UNUSED_FUNCTION = YES;
				GCC_WARN_UNUSED_VARIABLE = YES;
				IPHONEOS_DEPLOYMENT_TARGET = 11.0;
				MTL_ENABLE_DEBUG_INFO = INCLUDE_SOURCE;
				MTL_FAST_MATH = YES;
				ONLY_ACTIVE_ARCH = YES;
				SDKROOT = iphoneos;
			};
			name = Debug;
		};
		B4F97F17299F60130047C02E /* Release */ = {
			isa = XCBuildConfiguration;
			buildSettings = {
				ALWAYS_SEARCH_USER_PATHS = NO;
				CLANG_ANALYZER_NONNULL = YES;
				CLANG_ANALYZER_NUMBER_OBJECT_CONVERSION = YES_AGGRESSIVE;
				CLANG_CXX_LANGUAGE_STANDARD = "gnu++20";
				CLANG_ENABLE_MODULES = YES;
				CLANG_ENABLE_OBJC_ARC = YES;
				CLANG_ENABLE_OBJC_WEAK = YES;
				CLANG_WARN_BLOCK_CAPTURE_AUTORELEASING = YES;
				CLANG_WARN_BOOL_CONVERSION = YES;
				CLANG_WARN_COMMA = YES;
				CLANG_WARN_CONSTANT_CONVERSION = YES;
				CLANG_WARN_DEPRECATED_OBJC_IMPLEMENTATIONS = YES;
				CLANG_WARN_DIRECT_OBJC_ISA_USAGE = YES_ERROR;
				CLANG_WARN_DOCUMENTATION_COMMENTS = YES;
				CLANG_WARN_EMPTY_BODY = YES;
				CLANG_WARN_ENUM_CONVERSION = YES;
				CLANG_WARN_INFINITE_RECURSION = YES;
				CLANG_WARN_INT_CONVERSION = YES;
				CLANG_WARN_NON_LITERAL_NULL_CONVERSION = YES;
				CLANG_WARN_OBJC_IMPLICIT_RETAIN_SELF = YES;
				CLANG_WARN_OBJC_LITERAL_CONVERSION = YES;
				CLANG_WARN_OBJC_ROOT_CLASS = YES_ERROR;
				CLANG_WARN_QUOTED_INCLUDE_IN_FRAMEWORK_HEADER = YES;
				CLANG_WARN_RANGE_LOOP_ANALYSIS = YES;
				CLANG_WARN_STRICT_PROTOTYPES = YES;
				CLANG_WARN_SUSPICIOUS_MOVE = YES;
				CLANG_WARN_UNGUARDED_AVAILABILITY = YES_AGGRESSIVE;
				CLANG_WARN_UNREACHABLE_CODE = YES;
				CLANG_WARN__DUPLICATE_METHOD_MATCH = YES;
				COPY_PHASE_STRIP = NO;
				DEBUG_INFORMATION_FORMAT = "dwarf-with-dsym";
				ENABLE_NS_ASSERTIONS = NO;
				ENABLE_STRICT_OBJC_MSGSEND = YES;
				GCC_C_LANGUAGE_STANDARD = gnu11;
				GCC_NO_COMMON_BLOCKS = YES;
				GCC_WARN_64_TO_32_BIT_CONVERSION = YES;
				GCC_WARN_ABOUT_RETURN_TYPE = YES_ERROR;
				GCC_WARN_UNDECLARED_SELECTOR = YES;
				GCC_WARN_UNINITIALIZED_AUTOS = YES_AGGRESSIVE;
				GCC_WARN_UNUSED_FUNCTION = YES;
				GCC_WARN_UNUSED_VARIABLE = YES;
				IPHONEOS_DEPLOYMENT_TARGET = 11.0;
				MTL_ENABLE_DEBUG_INFO = NO;
				MTL_FAST_MATH = YES;
				SDKROOT = iphoneos;
				VALIDATE_PRODUCT = YES;
			};
			name = Release;
		};
		B4F97F19299F60130047C02E /* Debug */ = {
			isa = XCBuildConfiguration;
			baseConfigurationReference = 31F7D6C186B37FD7486F4743 /* Pods-Example.debug.xcconfig */;
			buildSettings = {
				ASSETCATALOG_COMPILER_APPICON_NAME = AppIcon;
				ASSETCATALOG_COMPILER_GLOBAL_ACCENT_COLOR_NAME = AccentColor;
				CODE_SIGN_STYLE = Automatic;
				CURRENT_PROJECT_VERSION = 1;
				DEVELOPMENT_TEAM = 4ME4HAHBAA;
				GENERATE_INFOPLIST_FILE = YES;
				INFOPLIST_FILE = Example/Info.plist;
				INFOPLIST_KEY_UIApplicationSupportsIndirectInputEvents = YES;
				INFOPLIST_KEY_UILaunchStoryboardName = LaunchScreen;
				INFOPLIST_KEY_UIMainStoryboardFile = Main;
				INFOPLIST_KEY_UISupportedInterfaceOrientations_iPad = "UIInterfaceOrientationPortrait UIInterfaceOrientationPortraitUpsideDown UIInterfaceOrientationLandscapeLeft UIInterfaceOrientationLandscapeRight";
				INFOPLIST_KEY_UISupportedInterfaceOrientations_iPhone = "UIInterfaceOrientationPortrait UIInterfaceOrientationLandscapeLeft UIInterfaceOrientationLandscapeRight";
				LD_RUNPATH_SEARCH_PATHS = (
					"$(inherited)",
					"@executable_path/Frameworks",
				);
				MARKETING_VERSION = 1.0;
				PRODUCT_BUNDLE_IDENTIFIER = com.cib.yypt.test.Example;
				PRODUCT_NAME = "$(TARGET_NAME)";
				SWIFT_EMIT_LOC_STRINGS = YES;
				TARGETED_DEVICE_FAMILY = "1,2";
			};
			name = Debug;
		};
		B4F97F1A299F60130047C02E /* Release */ = {
			isa = XCBuildConfiguration;
			baseConfigurationReference = 8524A27401B961B29B83B4D7 /* Pods-Example.release.xcconfig */;
			buildSettings = {
				ASSETCATALOG_COMPILER_APPICON_NAME = AppIcon;
				ASSETCATALOG_COMPILER_GLOBAL_ACCENT_COLOR_NAME = AccentColor;
				CODE_SIGN_STYLE = Automatic;
				CURRENT_PROJECT_VERSION = 1;
				DEVELOPMENT_TEAM = 4ME4HAHBAA;
				GENERATE_INFOPLIST_FILE = YES;
				INFOPLIST_FILE = Example/Info.plist;
				INFOPLIST_KEY_UIApplicationSupportsIndirectInputEvents = YES;
				INFOPLIST_KEY_UILaunchStoryboardName = LaunchScreen;
				INFOPLIST_KEY_UIMainStoryboardFile = Main;
				INFOPLIST_KEY_UISupportedInterfaceOrientations_iPad = "UIInterfaceOrientationPortrait UIInterfaceOrientationPortraitUpsideDown UIInterfaceOrientationLandscapeLeft UIInterfaceOrientationLandscapeRight";
				INFOPLIST_KEY_UISupportedInterfaceOrientations_iPhone = "UIInterfaceOrientationPortrait UIInterfaceOrientationLandscapeLeft UIInterfaceOrientationLandscapeRight";
				LD_RUNPATH_SEARCH_PATHS = (
					"$(inherited)",
					"@executable_path/Frameworks",
				);
				MARKETING_VERSION = 1.0;
				PRODUCT_BUNDLE_IDENTIFIER = com.cib.yypt.test.Example;
				PRODUCT_NAME = "$(TARGET_NAME)";
				SWIFT_EMIT_LOC_STRINGS = YES;
				TARGETED_DEVICE_FAMILY = "1,2";
			};
			name = Release;
		};
/* End XCBuildConfiguration section */

/* Begin XCConfigurationList section */
		B4F97EFA299F60110047C02E /* Build configuration list for PBXProject "Example" */ = {
			isa = XCConfigurationList;
			buildConfigurations = (
				B4F97F16299F60130047C02E /* Debug */,
				B4F97F17299F60130047C02E /* Release */,
			);
			defaultConfigurationIsVisible = 0;
			defaultConfigurationName = Release;
		};
		B4F97F18299F60130047C02E /* Build configuration list for PBXNativeTarget "Example" */ = {
			isa = XCConfigurationList;
			buildConfigurations = (
				B4F97F19299F60130047C02E /* Debug */,
				B4F97F1A299F60130047C02E /* Release */,
			);
			defaultConfigurationIsVisible = 0;
			defaultConfigurationName = Release;
		};
/* End XCConfigurationList section */
	};
	rootObject = B4F97EF7299F60110047C02E /* Project object */;
}
